
Microsoft Visual Studio Solution File, Format Version 12.00
# Visual Studio Version 16
VisualStudioVersion = 16.0.31129.286
MinimumVisualStudioVersion = 10.0.40219.1
Project("{FAE04EC0-301F-11D3-BF4B-00C04F79EFBC}") = "maptools", "maptools.csproj", "{0320FC34-543D-4503-803F-FA6119541823}"
EndProject
Global
	GlobalSection(SolutionConfigurationPlatforms) = preSolution
		Debug|Any CPU = Debug|Any CPU
		Release|Any CPU = Release|Any CPU
	EndGlobalSection
	GlobalSection(ProjectConfigurationPlatforms) = postSolution
		{0320FC34-543D-4503-803F-FA6119541823}.Debug|Any CPU.ActiveCfg = Debug|Any CPU
		{0320FC34-543D-4503-803F-FA6119541823}.Debug|Any CPU.Build.0 = Debug|Any CPU
		{0320FC34-543D-4503-803F-FA6119541823}.Release|Any CPU.ActiveCfg = Release|Any CPU
		{0320FC34-543D-4503-803F-FA6119541823}.Release|Any CPU.Build.0 = Release|Any CPU
	EndGlobalSection
	GlobalSection(SolutionProperties) = preSolution
		HideSolutionNode = FALSE
	EndGlobalSection
	GlobalSection(ExtensibilityGlobals) = postSolution
		SolutionGuid = {02979420-B165-4025-839D-47BD05489B51}
	EndGlobalSection
EndGlobal
